
Microsoft Visual Studio Solution File, Format Version 12.00
# Visual Studio Version 17
VisualStudioVersion = 17.6.33829.357
MinimumVisualStudioVersion = 10.0.40219.1
Project("{FAE04EC0-301F-11D3-BF4B-00C04F79EFBC}") = "Btvn_bai3", "Btvn_bai3\Btvn_bai3.csproj", "{63A08E1C-59CF-47F2-88B3-11F3822D4550}"
EndProject
Global
	GlobalSection(SolutionConfigurationPlatforms) = preSolution
		Debug|Any CPU = Debug|Any CPU
		Release|Any CPU = Release|Any CPU
	EndGlobalSection
	GlobalSection(ProjectConfigurationPlatforms) = postSolution
		{63A08E1C-59CF-47F2-88B3-11F3822D4550}.Debug|Any CPU.ActiveCfg = Debug|Any CPU
		{63A08E1C-59CF-47F2-88B3-11F3822D4550}.Debug|Any CPU.Build.0 = Debug|Any CPU
		{63A08E1C-59CF-47F2-88B3-11F3822D4550}.Release|Any CPU.ActiveCfg = Release|Any CPU
		{63A08E1C-59CF-47F2-88B3-11F3822D4550}.Release|Any CPU.Build.0 = Release|Any CPU
	EndGlobalSection
	GlobalSection(SolutionProperties) = preSolution
		HideSolutionNode = FALSE
	EndGlobalSection
	GlobalSection(ExtensibilityGlobals) = postSolution
		SolutionGuid = {D92AC06F-9D21-49DC-9220-C706A7D09609}
	EndGlobalSection
EndGlobal
